// !$*UTF8*$!
{
	archiveVersion = 1;
	classes = {
	};
	objectVersion = 55;
	objects = {

/* Begin PBXBuildFile section */
		8149B8FC2687702C007AB018 /* YourMoviesApp.swift in Sources */ = {isa = PBXBuildFile; fileRef = 8149B8FB2687702C007AB018 /* YourMoviesApp.swift */; };
		8149B8FE2687702C007AB018 /* PopularView.swift in Sources */ = {isa = PBXBuildFile; fileRef = 8149B8FD2687702C007AB018 /* PopularView.swift */; };
		8149B9002687702D007AB018 /* Assets.xcassets in Resources */ = {isa = PBXBuildFile; fileRef = 8149B8FF2687702D007AB018 /* Assets.xcassets */; };
		8149B9032687702D007AB018 /* Preview Assets.xcassets in Resources */ = {isa = PBXBuildFile; fileRef = 8149B9022687702D007AB018 /* Preview Assets.xcassets */; };
		8197558F269358FB0018F7F3 /* Film.swift in Sources */ = {isa = PBXBuildFile; fileRef = 8197558E269358FB0018F7F3 /* Film.swift */; };
		8197559126935A260018F7F3 /* ResponceFilms.swift in Sources */ = {isa = PBXBuildFile; fileRef = 8197559026935A260018F7F3 /* ResponceFilms.swift */; };
		8197559326935A6B0018F7F3 /* PopularFilmsParameters.swift in Sources */ = {isa = PBXBuildFile; fileRef = 8197559226935A6B0018F7F3 /* PopularFilmsParameters.swift */; };
		81B2AB0E269C9E340033CF61 /* СarouselView.swift in Sources */ = {isa = PBXBuildFile; fileRef = 81B2AB0D269C9E340033CF61 /* СarouselView.swift */; };
		81CA9CE9269AF47900C88B92 /* Log.swift in Sources */ = {isa = PBXBuildFile; fileRef = 81CA9CE8269AF47900C88B92 /* Log.swift */; };
		81CA9CEC269B36F200C88B92 /* Endpoints.plist in Resources */ = {isa = PBXBuildFile; fileRef = 81CA9CEB269B36F200C88B92 /* Endpoints.plist */; };
		81CA9CEE269B377900C88B92 /* Endpoints.swift in Sources */ = {isa = PBXBuildFile; fileRef = 81CA9CED269B377900C88B92 /* Endpoints.swift */; };
		81CA9CF0269B3A1900C88B92 /* PlistFactory.swift in Sources */ = {isa = PBXBuildFile; fileRef = 81CA9CEF269B3A1900C88B92 /* PlistFactory.swift */; };
		81CA9CF4269B3C1D00C88B92 /* Bundle.swift in Sources */ = {isa = PBXBuildFile; fileRef = 81CA9CF3269B3C1D00C88B92 /* Bundle.swift */; };
		81CA9CF6269B3CC900C88B92 /* PropertyListDecoder.swift in Sources */ = {isa = PBXBuildFile; fileRef = 81CA9CF5269B3CC900C88B92 /* PropertyListDecoder.swift */; };
		81CA9CF9269B3D1A00C88B92 /* DiContainer.swift in Sources */ = {isa = PBXBuildFile; fileRef = 81CA9CF8269B3D1A00C88B92 /* DiContainer.swift */; };
		81CA9CFC269B3E1C00C88B92 /* ApiKeys.plist in Resources */ = {isa = PBXBuildFile; fileRef = 81CA9CFB269B3E1C00C88B92 /* ApiKeys.plist */; };
		81CA9CFE269B3E3700C88B92 /* ApiKeys.swift in Sources */ = {isa = PBXBuildFile; fileRef = 81CA9CFD269B3E3700C88B92 /* ApiKeys.swift */; };
		81CA9D02269B401A00C88B92 /* MainScreenView.swift in Sources */ = {isa = PBXBuildFile; fileRef = 81CA9D01269B401A00C88B92 /* MainScreenView.swift */; };
		81CA9D04269B6BF300C88B92 /* Color.xcassets in Resources */ = {isa = PBXBuildFile; fileRef = 81CA9D03269B6BF300C88B92 /* Color.xcassets */; };
		81CA9D06269B6C3F00C88B92 /* Color.swift in Sources */ = {isa = PBXBuildFile; fileRef = 81CA9D05269B6C3F00C88B92 /* Color.swift */; };
		81CDF0FB269F518600D06D17 /* CarouselStateObject.swift in Sources */ = {isa = PBXBuildFile; fileRef = 81CDF0FA269F518600D06D17 /* CarouselStateObject.swift */; };
		81D514652690D57900733009 /* FilmRowView.swift in Sources */ = {isa = PBXBuildFile; fileRef = 81D514642690D57900733009 /* FilmRowView.swift */; };
		81F67A3C269235F2003CB6FE /* PopularViewModel.swift in Sources */ = {isa = PBXBuildFile; fileRef = 81F67A3B269235F2003CB6FE /* PopularViewModel.swift */; };
		81F67A3F2692367D003CB6FE /* NetworkFramework.xcframework in Frameworks */ = {isa = PBXBuildFile; fileRef = 81F67A3E2692367D003CB6FE /* NetworkFramework.xcframework */; };
		81F67A402692367D003CB6FE /* NetworkFramework.xcframework in Embed Frameworks */ = {isa = PBXBuildFile; fileRef = 81F67A3E2692367D003CB6FE /* NetworkFramework.xcframework */; settings = {ATTRIBUTES = (CodeSignOnCopy, RemoveHeadersOnCopy, ); }; };
/* End PBXBuildFile section */

/* Begin PBXCopyFilesBuildPhase section */
		81F67A412692367D003CB6FE /* Embed Frameworks */ = {
			isa = PBXCopyFilesBuildPhase;
			buildActionMask = 2147483647;
			dstPath = "";
			dstSubfolderSpec = 10;
			files = (
				81F67A402692367D003CB6FE /* NetworkFramework.xcframework in Embed Frameworks */,
			);
			name = "Embed Frameworks";
			runOnlyForDeploymentPostprocessing = 0;
		};
/* End PBXCopyFilesBuildPhase section */

/* Begin PBXFileReference section */
		8149B8F82687702C007AB018 /* YourMovies.app */ = {isa = PBXFileReference; explicitFileType = wrapper.application; includeInIndex = 0; path = YourMovies.app; sourceTree = BUILT_PRODUCTS_DIR; };
		8149B8FB2687702C007AB018 /* YourMoviesApp.swift */ = {isa = PBXFileReference; lastKnownFileType = sourcecode.swift; path = YourMoviesApp.swift; sourceTree = "<group>"; };
		8149B8FD2687702C007AB018 /* PopularView.swift */ = {isa = PBXFileReference; lastKnownFileType = sourcecode.swift; path = PopularView.swift; sourceTree = "<group>"; };
		8149B8FF2687702D007AB018 /* Assets.xcassets */ = {isa = PBXFileReference; lastKnownFileType = folder.assetcatalog; path = Assets.xcassets; sourceTree = "<group>"; };
		8149B9022687702D007AB018 /* Preview Assets.xcassets */ = {isa = PBXFileReference; lastKnownFileType = folder.assetcatalog; path = "Preview Assets.xcassets"; sourceTree = "<group>"; };
		8197558E269358FB0018F7F3 /* Film.swift */ = {isa = PBXFileReference; lastKnownFileType = sourcecode.swift; path = Film.swift; sourceTree = "<group>"; };
		8197559026935A260018F7F3 /* ResponceFilms.swift */ = {isa = PBXFileReference; lastKnownFileType = sourcecode.swift; path = ResponceFilms.swift; sourceTree = "<group>"; };
		8197559226935A6B0018F7F3 /* PopularFilmsParameters.swift */ = {isa = PBXFileReference; lastKnownFileType = sourcecode.swift; path = PopularFilmsParameters.swift; sourceTree = "<group>"; };
		81B2AB0D269C9E340033CF61 /* СarouselView.swift */ = {isa = PBXFileReference; lastKnownFileType = sourcecode.swift; path = "СarouselView.swift"; sourceTree = "<group>"; };
		81CA9CE8269AF47900C88B92 /* Log.swift */ = {isa = PBXFileReference; lastKnownFileType = sourcecode.swift; path = Log.swift; sourceTree = "<group>"; };
		81CA9CEB269B36F200C88B92 /* Endpoints.plist */ = {isa = PBXFileReference; lastKnownFileType = text.plist.xml; path = Endpoints.plist; sourceTree = "<group>"; };
		81CA9CED269B377900C88B92 /* Endpoints.swift */ = {isa = PBXFileReference; lastKnownFileType = sourcecode.swift; path = Endpoints.swift; sourceTree = "<group>"; };
		81CA9CEF269B3A1900C88B92 /* PlistFactory.swift */ = {isa = PBXFileReference; lastKnownFileType = sourcecode.swift; path = PlistFactory.swift; sourceTree = "<group>"; };
		81CA9CF3269B3C1D00C88B92 /* Bundle.swift */ = {isa = PBXFileReference; lastKnownFileType = sourcecode.swift; path = Bundle.swift; sourceTree = "<group>"; };
		81CA9CF5269B3CC900C88B92 /* PropertyListDecoder.swift */ = {isa = PBXFileReference; lastKnownFileType = sourcecode.swift; path = PropertyListDecoder.swift; sourceTree = "<group>"; };
		81CA9CF8269B3D1A00C88B92 /* DiContainer.swift */ = {isa = PBXFileReference; lastKnownFileType = sourcecode.swift; path = DiContainer.swift; sourceTree = "<group>"; };
		81CA9CFB269B3E1C00C88B92 /* ApiKeys.plist */ = {isa = PBXFileReference; lastKnownFileType = text.plist.xml; path = ApiKeys.plist; sourceTree = "<group>"; };
		81CA9CFD269B3E3700C88B92 /* ApiKeys.swift */ = {isa = PBXFileReference; lastKnownFileType = sourcecode.swift; path = ApiKeys.swift; sourceTree = "<group>"; };
		81CA9D01269B401A00C88B92 /* MainScreenView.swift */ = {isa = PBXFileReference; lastKnownFileType = sourcecode.swift; path = MainScreenView.swift; sourceTree = "<group>"; };
		81CA9D03269B6BF300C88B92 /* Color.xcassets */ = {isa = PBXFileReference; lastKnownFileType = folder.assetcatalog; path = Color.xcassets; sourceTree = "<group>"; };
		81CA9D05269B6C3F00C88B92 /* Color.swift */ = {isa = PBXFileReference; lastKnownFileType = sourcecode.swift; path = Color.swift; sourceTree = "<group>"; };
		81CDF0FA269F518600D06D17 /* CarouselStateObject.swift */ = {isa = PBXFileReference; lastKnownFileType = sourcecode.swift; path = CarouselStateObject.swift; sourceTree = "<group>"; };
		81D514642690D57900733009 /* FilmRowView.swift */ = {isa = PBXFileReference; lastKnownFileType = sourcecode.swift; path = FilmRowView.swift; sourceTree = "<group>"; };
		81F67A3B269235F2003CB6FE /* PopularViewModel.swift */ = {isa = PBXFileReference; lastKnownFileType = sourcecode.swift; path = PopularViewModel.swift; sourceTree = "<group>"; };
		81F67A3E2692367D003CB6FE /* NetworkFramework.xcframework */ = {isa = PBXFileReference; lastKnownFileType = wrapper.xcframework; name = NetworkFramework.xcframework; path = Carthage/Build/NetworkFramework.xcframework; sourceTree = "<group>"; };
/* End PBXFileReference section */

/* Begin PBXFrameworksBuildPhase section */
		8149B8F52687702C007AB018 /* Frameworks */ = {
			isa = PBXFrameworksBuildPhase;
			buildActionMask = 2147483647;
			files = (
				81F67A3F2692367D003CB6FE /* NetworkFramework.xcframework in Frameworks */,
			);
			runOnlyForDeploymentPostprocessing = 0;
		};
/* End PBXFrameworksBuildPhase section */

/* Begin PBXGroup section */
		8149B8EF2687702C007AB018 = {
			isa = PBXGroup;
			children = (
				8149B8FA2687702C007AB018 /* YourMovies */,
				8149B8F92687702C007AB018 /* Products */,
				81F67A3D2692367D003CB6FE /* Frameworks */,
			);
			sourceTree = "<group>";
		};
		8149B8F92687702C007AB018 /* Products */ = {
			isa = PBXGroup;
			children = (
				8149B8F82687702C007AB018 /* YourMovies.app */,
			);
			name = Products;
			sourceTree = "<group>";
		};
		8149B8FA2687702C007AB018 /* YourMovies */ = {
			isa = PBXGroup;
			children = (
				81CDF0F8269F512F00D06D17 /* Views */,
				81CA9CF7269B3D0E00C88B92 /* DiContainer */,
				81CA9CF2269B3C0F00C88B92 /* Extensions */,
				81CA9CFA269B3E0800C88B92 /* ApiKeys */,
				81CA9CEA269B36D700C88B92 /* Endpoints */,
				81CA9CE7269AF44300C88B92 /* Service */,
				81D514602690D44000733009 /* Popular */,
				81CA9CFF269B3F4300C88B92 /* MainScreenView */,
				8149B8FB2687702C007AB018 /* YourMoviesApp.swift */,
				8149B8FF2687702D007AB018 /* Assets.xcassets */,
				81CA9D03269B6BF300C88B92 /* Color.xcassets */,
				8149B9012687702D007AB018 /* Preview Content */,
			);
			path = YourMovies;
			sourceTree = "<group>";
		};
		8149B9012687702D007AB018 /* Preview Content */ = {
			isa = PBXGroup;
			children = (
				8149B9022687702D007AB018 /* Preview Assets.xcassets */,
			);
			path = "Preview Content";
			sourceTree = "<group>";
		};
		81CA9CE7269AF44300C88B92 /* Service */ = {
			isa = PBXGroup;
			children = (
				81CA9CE8269AF47900C88B92 /* Log.swift */,
				81CA9CEF269B3A1900C88B92 /* PlistFactory.swift */,
				81CA9D05269B6C3F00C88B92 /* Color.swift */,
			);
			path = Service;
			sourceTree = "<group>";
		};
		81CA9CEA269B36D700C88B92 /* Endpoints */ = {
			isa = PBXGroup;
			children = (
				81CA9CEB269B36F200C88B92 /* Endpoints.plist */,
				81CA9CED269B377900C88B92 /* Endpoints.swift */,
			);
			path = Endpoints;
			sourceTree = "<group>";
		};
		81CA9CF2269B3C0F00C88B92 /* Extensions */ = {
			isa = PBXGroup;
			children = (
				81CA9CF3269B3C1D00C88B92 /* Bundle.swift */,
				81CA9CF5269B3CC900C88B92 /* PropertyListDecoder.swift */,
			);
			path = Extensions;
			sourceTree = "<group>";
		};
		81CA9CF7269B3D0E00C88B92 /* DiContainer */ = {
			isa = PBXGroup;
			children = (
				81CA9CF8269B3D1A00C88B92 /* DiContainer.swift */,
			);
			path = DiContainer;
			sourceTree = "<group>";
		};
		81CA9CFA269B3E0800C88B92 /* ApiKeys */ = {
			isa = PBXGroup;
			children = (
				81CA9CFB269B3E1C00C88B92 /* ApiKeys.plist */,
				81CA9CFD269B3E3700C88B92 /* ApiKeys.swift */,
			);
			path = ApiKeys;
			sourceTree = "<group>";
		};
		81CA9CFF269B3F4300C88B92 /* MainScreenView */ = {
			isa = PBXGroup;
			children = (
				81CA9D00269B3F5600C88B92 /* Views */,
			);
			path = MainScreenView;
			sourceTree = "<group>";
		};
		81CA9D00269B3F5600C88B92 /* Views */ = {
			isa = PBXGroup;
			children = (
				81CA9D01269B401A00C88B92 /* MainScreenView.swift */,
			);
			path = Views;
			sourceTree = "<group>";
		};
		81CDF0F8269F512F00D06D17 /* Views */ = {
			isa = PBXGroup;
			children = (
				81CDF0F9269F513E00D06D17 /* CarouselView */,
			);
			path = Views;
			sourceTree = "<group>";
		};
		81CDF0F9269F513E00D06D17 /* CarouselView */ = {
			isa = PBXGroup;
			children = (
				81B2AB0D269C9E340033CF61 /* СarouselView.swift */,
				81CDF0FA269F518600D06D17 /* CarouselStateObject.swift */,
			);
			path = CarouselView;
			sourceTree = "<group>";
		};
		81D514602690D44000733009 /* Popular */ = {
			isa = PBXGroup;
			children = (
				81F67A4226923764003CB6FE /* Models */,
				81F67A3A269235DD003CB6FE /* ViewModel */,
				81D514612690D55B00733009 /* Views */,
			);
			path = Popular;
			sourceTree = "<group>";
		};
		81D514612690D55B00733009 /* Views */ = {
			isa = PBXGroup;
			children = (
				8149B8FD2687702C007AB018 /* PopularView.swift */,
				81D514642690D57900733009 /* FilmRowView.swift */,
			);
			path = Views;
			sourceTree = "<group>";
		};
		81F67A3A269235DD003CB6FE /* ViewModel */ = {
			isa = PBXGroup;
			children = (
				81F67A3B269235F2003CB6FE /* PopularViewModel.swift */,
			);
			path = ViewModel;
			sourceTree = "<group>";
		};
		81F67A3D2692367D003CB6FE /* Frameworks */ = {
			isa = PBXGroup;
			children = (
				81F67A3E2692367D003CB6FE /* NetworkFramework.xcframework */,
			);
			name = Frameworks;
			sourceTree = "<group>";
		};
		81F67A4226923764003CB6FE /* Models */ = {
			isa = PBXGroup;
			children = (
				8197558E269358FB0018F7F3 /* Film.swift */,
				8197559026935A260018F7F3 /* ResponceFilms.swift */,
				8197559226935A6B0018F7F3 /* PopularFilmsParameters.swift */,
			);
			path = Models;
			sourceTree = "<group>";
		};
/* End PBXGroup section */

/* Begin PBXNativeTarget section */
		8149B8F72687702C007AB018 /* YourMovies */ = {
			isa = PBXNativeTarget;
			buildConfigurationList = 8149B9062687702D007AB018 /* Build configuration list for PBXNativeTarget "YourMovies" */;
			buildPhases = (
				8149B8F42687702C007AB018 /* Sources */,
				8149B8F52687702C007AB018 /* Frameworks */,
				8149B8F62687702C007AB018 /* Resources */,
				81F67A412692367D003CB6FE /* Embed Frameworks */,
				81CA9CF1269B3A8700C88B92 /* Swiftlint */,
			);
			buildRules = (
			);
			dependencies = (
			);
			name = YourMovies;
			productName = YourMovies;
			productReference = 8149B8F82687702C007AB018 /* YourMovies.app */;
			productType = "com.apple.product-type.application";
		};
/* End PBXNativeTarget section */

/* Begin PBXProject section */
		8149B8F02687702C007AB018 /* Project object */ = {
			isa = PBXProject;
			attributes = {
				BuildIndependentTargetsInParallel = 1;
				LastSwiftUpdateCheck = 1300;
				LastUpgradeCheck = 1300;
				TargetAttributes = {
					8149B8F72687702C007AB018 = {
						CreatedOnToolsVersion = 13.0;
					};
				};
			};
			buildConfigurationList = 8149B8F32687702C007AB018 /* Build configuration list for PBXProject "YourMovies" */;
			compatibilityVersion = "Xcode 13.0";
			developmentRegion = en;
			hasScannedForEncodings = 0;
			knownRegions = (
				en,
				Base,
			);
			mainGroup = 8149B8EF2687702C007AB018;
			productRefGroup = 8149B8F92687702C007AB018 /* Products */;
			projectDirPath = "";
			projectRoot = "";
			targets = (
				8149B8F72687702C007AB018 /* YourMovies */,
			);
		};
/* End PBXProject section */

/* Begin PBXResourcesBuildPhase section */
		8149B8F62687702C007AB018 /* Resources */ = {
			isa = PBXResourcesBuildPhase;
			buildActionMask = 2147483647;
			files = (
				8149B9032687702D007AB018 /* Preview Assets.xcassets in Resources */,
				81CA9CFC269B3E1C00C88B92 /* ApiKeys.plist in Resources */,
				81CA9D04269B6BF300C88B92 /* Color.xcassets in Resources */,
				81CA9CEC269B36F200C88B92 /* Endpoints.plist in Resources */,
				8149B9002687702D007AB018 /* Assets.xcassets in Resources */,
			);
			runOnlyForDeploymentPostprocessing = 0;
		};
/* End PBXResourcesBuildPhase section */

/* Begin PBXShellScriptBuildPhase section */
		81CA9CF1269B3A8700C88B92 /* Swiftlint */ = {
			isa = PBXShellScriptBuildPhase;
			buildActionMask = 2147483647;
			files = (
			);
			inputFileListPaths = (
			);
			inputPaths = (
			);
			name = Swiftlint;
			outputFileListPaths = (
			);
			outputPaths = (
			);
			runOnlyForDeploymentPostprocessing = 0;
			shellPath = /bin/sh;
			shellScript = "# Type a script or drag a script file from your workspace to insert its path.\nif which swiftlint >/dev/null; then\n  swiftlint\nelse\n  echo \"warning: SwiftLint not installed, download from https://github.com/realm/SwiftLint\"\nfi\n";
		};
/* End PBXShellScriptBuildPhase section */

/* Begin PBXSourcesBuildPhase section */
		8149B8F42687702C007AB018 /* Sources */ = {
			isa = PBXSourcesBuildPhase;
			buildActionMask = 2147483647;
			files = (
				81CA9D02269B401A00C88B92 /* MainScreenView.swift in Sources */,
				81CA9CFE269B3E3700C88B92 /* ApiKeys.swift in Sources */,
				81F67A3C269235F2003CB6FE /* PopularViewModel.swift in Sources */,
				8197558F269358FB0018F7F3 /* Film.swift in Sources */,
				8197559126935A260018F7F3 /* ResponceFilms.swift in Sources */,
				81CA9D06269B6C3F00C88B92 /* Color.swift in Sources */,
				8149B8FE2687702C007AB018 /* PopularView.swift in Sources */,
				81CA9CF4269B3C1D00C88B92 /* Bundle.swift in Sources */,
				8149B8FC2687702C007AB018 /* YourMoviesApp.swift in Sources */,
				8197559326935A6B0018F7F3 /* PopularFilmsParameters.swift in Sources */,
				81CA9CF6269B3CC900C88B92 /* PropertyListDecoder.swift in Sources */,
				81B2AB0E269C9E340033CF61 /* СarouselView.swift in Sources */,
				81CA9CE9269AF47900C88B92 /* Log.swift in Sources */,
				81CA9CEE269B377900C88B92 /* Endpoints.swift in Sources */,
				81CDF0FB269F518600D06D17 /* CarouselStateObject.swift in Sources */,
				81CA9CF9269B3D1A00C88B92 /* DiContainer.swift in Sources */,
				81D514652690D57900733009 /* FilmRowView.swift in Sources */,
				81CA9CF0269B3A1900C88B92 /* PlistFactory.swift in Sources */,
			);
			runOnlyForDeploymentPostprocessing = 0;
		};
/* End PBXSourcesBuildPhase section */

/* Begin XCBuildConfiguration section */
		8149B9042687702D007AB018 /* Debug */ = {
			isa = XCBuildConfiguration;
			buildSettings = {
				ALWAYS_SEARCH_USER_PATHS = NO;
				CLANG_ANALYZER_NONNULL = YES;
				CLANG_ANALYZER_NUMBER_OBJECT_CONVERSION = YES_AGGRESSIVE;
				CLANG_CXX_LANGUAGE_STANDARD = "gnu++14";
				CLANG_CXX_LIBRARY = "libc++";
				CLANG_ENABLE_MODULES = YES;
				CLANG_ENABLE_OBJC_ARC = YES;
				CLANG_ENABLE_OBJC_WEAK = YES;
				CLANG_WARN_BLOCK_CAPTURE_AUTORELEASING = YES;
				CLANG_WARN_BOOL_CONVERSION = YES;
				CLANG_WARN_COMMA = YES;
				CLANG_WARN_CONSTANT_CONVERSION = YES;
				CLANG_WARN_DEPRECATED_OBJC_IMPLEMENTATIONS = YES;
				CLANG_WARN_DIRECT_OBJC_ISA_USAGE = YES_ERROR;
				CLANG_WARN_DOCUMENTATION_COMMENTS = YES;
				CLANG_WARN_EMPTY_BODY = YES;
				CLANG_WARN_ENUM_CONVERSION = YES;
				CLANG_WARN_INFINITE_RECURSION = YES;
				CLANG_WARN_INT_CONVERSION = YES;
				CLANG_WARN_NON_LITERAL_NULL_CONVERSION = YES;
				CLANG_WARN_OBJC_IMPLICIT_RETAIN_SELF = YES;
				CLANG_WARN_OBJC_LITERAL_CONVERSION = YES;
				CLANG_WARN_OBJC_ROOT_CLASS = YES_ERROR;
				CLANG_WARN_QUOTED_INCLUDE_IN_FRAMEWORK_HEADER = YES;
				CLANG_WARN_RANGE_LOOP_ANALYSIS = YES;
				CLANG_WARN_STRICT_PROTOTYPES = YES;
				CLANG_WARN_SUSPICIOUS_MOVE = YES;
				CLANG_WARN_UNGUARDED_AVAILABILITY = YES_AGGRESSIVE;
				CLANG_WARN_UNREACHABLE_CODE = YES;
				CLANG_WARN__DUPLICATE_METHOD_MATCH = YES;
				COPY_PHASE_STRIP = NO;
				DEBUG_INFORMATION_FORMAT = dwarf;
				ENABLE_STRICT_OBJC_MSGSEND = YES;
				ENABLE_TESTABILITY = YES;
				GCC_C_LANGUAGE_STANDARD = gnu11;
				GCC_DYNAMIC_NO_PIC = NO;
				GCC_NO_COMMON_BLOCKS = YES;
				GCC_OPTIMIZATION_LEVEL = 0;
				GCC_PREPROCESSOR_DEFINITIONS = (
					"DEBUG=1",
					"$(inherited)",
				);
				GCC_WARN_64_TO_32_BIT_CONVERSION = YES;
				GCC_WARN_ABOUT_RETURN_TYPE = YES_ERROR;
				GCC_WARN_UNDECLARED_SELECTOR = YES;
				GCC_WARN_UNINITIALIZED_AUTOS = YES_AGGRESSIVE;
				GCC_WARN_UNUSED_FUNCTION = YES;
				GCC_WARN_UNUSED_VARIABLE = YES;
				IPHONEOS_DEPLOYMENT_TARGET = 15.0;
				MTL_ENABLE_DEBUG_INFO = INCLUDE_SOURCE;
				MTL_FAST_MATH = YES;
				ONLY_ACTIVE_ARCH = YES;
				SDKROOT = iphoneos;
				SWIFT_ACTIVE_COMPILATION_CONDITIONS = DEBUG;
				SWIFT_OPTIMIZATION_LEVEL = "-Onone";
			};
			name = Debug;
		};
		8149B9052687702D007AB018 /* Release */ = {
			isa = XCBuildConfiguration;
			buildSettings = {
				ALWAYS_SEARCH_USER_PATHS = NO;
				CLANG_ANALYZER_NONNULL = YES;
				CLANG_ANALYZER_NUMBER_OBJECT_CONVERSION = YES_AGGRESSIVE;
				CLANG_CXX_LANGUAGE_STANDARD = "gnu++14";
				CLANG_CXX_LIBRARY = "libc++";
				CLANG_ENABLE_MODULES = YES;
				CLANG_ENABLE_OBJC_ARC = YES;
				CLANG_ENABLE_OBJC_WEAK = YES;
				CLANG_WARN_BLOCK_CAPTURE_AUTORELEASING = YES;
				CLANG_WARN_BOOL_CONVERSION = YES;
				CLANG_WARN_COMMA = YES;
				CLANG_WARN_CONSTANT_CONVERSION = YES;
				CLANG_WARN_DEPRECATED_OBJC_IMPLEMENTATIONS = YES;
				CLANG_WARN_DIRECT_OBJC_ISA_USAGE = YES_ERROR;
				CLANG_WARN_DOCUMENTATION_COMMENTS = YES;
				CLANG_WARN_EMPTY_BODY = YES;
				CLANG_WARN_ENUM_CONVERSION = YES;
				CLANG_WARN_INFINITE_RECURSION = YES;
				CLANG_WARN_INT_CONVERSION = YES;
				CLANG_WARN_NON_LITERAL_NULL_CONVERSION = YES;
				CLANG_WARN_OBJC_IMPLICIT_RETAIN_SELF = YES;
				CLANG_WARN_OBJC_LITERAL_CONVERSION = YES;
				CLANG_WARN_OBJC_ROOT_CLASS = YES_ERROR;
				CLANG_WARN_QUOTED_INCLUDE_IN_FRAMEWORK_HEADER = YES;
				CLANG_WARN_RANGE_LOOP_ANALYSIS = YES;
				CLANG_WARN_STRICT_PROTOTYPES = YES;
				CLANG_WARN_SUSPICIOUS_MOVE = YES;
				CLANG_WARN_UNGUARDED_AVAILABILITY = YES_AGGRESSIVE;
				CLANG_WARN_UNREACHABLE_CODE = YES;
				CLANG_WARN__DUPLICATE_METHOD_MATCH = YES;
				COPY_PHASE_STRIP = NO;
				DEBUG_INFORMATION_FORMAT = "dwarf-with-dsym";
				ENABLE_NS_ASSERTIONS = NO;
				ENABLE_STRICT_OBJC_MSGSEND = YES;
				GCC_C_LANGUAGE_STANDARD = gnu11;
				GCC_NO_COMMON_BLOCKS = YES;
				GCC_WARN_64_TO_32_BIT_CONVERSION = YES;
				GCC_WARN_ABOUT_RETURN_TYPE = YES_ERROR;
				GCC_WARN_UNDECLARED_SELECTOR = YES;
				GCC_WARN_UNINITIALIZED_AUTOS = YES_AGGRESSIVE;
				GCC_WARN_UNUSED_FUNCTION = YES;
				GCC_WARN_UNUSED_VARIABLE = YES;
				IPHONEOS_DEPLOYMENT_TARGET = 15.0;
				MTL_ENABLE_DEBUG_INFO = NO;
				MTL_FAST_MATH = YES;
				SDKROOT = iphoneos;
				SWIFT_COMPILATION_MODE = wholemodule;
				SWIFT_OPTIMIZATION_LEVEL = "-O";
				VALIDATE_PRODUCT = YES;
			};
			name = Release;
		};
		8149B9072687702D007AB018 /* Debug */ = {
			isa = XCBuildConfiguration;
			buildSettings = {
				ASSETCATALOG_COMPILER_APPICON_NAME = AppIcon;
				ASSETCATALOG_COMPILER_GLOBAL_ACCENT_COLOR_NAME = AccentColor;
				CODE_SIGN_STYLE = Automatic;
				CURRENT_PROJECT_VERSION = 1;
				DEVELOPMENT_ASSET_PATHS = "\"YourMovies/Preview Content\"";
				DEVELOPMENT_TEAM = SQ7BQ44Y58;
				ENABLE_PREVIEWS = YES;
				GENERATE_INFOPLIST_FILE = YES;
				INFOPLIST_KEY_UIApplicationSceneManifest_Generation = YES;
				INFOPLIST_KEY_UIApplicationSupportsIndirectInputEvents = YES;
				INFOPLIST_KEY_UILaunchScreen_Generation = YES;
				INFOPLIST_KEY_UISupportedInterfaceOrientations_iPad = "UIInterfaceOrientationPortrait UIInterfaceOrientationPortraitUpsideDown UIInterfaceOrientationLandscapeLeft UIInterfaceOrientationLandscapeRight";
				INFOPLIST_KEY_UISupportedInterfaceOrientations_iPhone = "UIInterfaceOrientationPortrait UIInterfaceOrientationLandscapeLeft UIInterfaceOrientationLandscapeRight";
				IPHONEOS_DEPLOYMENT_TARGET = 15.0;
				LD_RUNPATH_SEARCH_PATHS = (
					"$(inherited)",
					"@executable_path/Frameworks",
				);
				MARKETING_VERSION = 1.0;
				PRODUCT_BUNDLE_IDENTIFIER = zlobrynya.YourMovies;
				PRODUCT_NAME = "$(TARGET_NAME)";
				SWIFT_EMIT_LOC_STRINGS = YES;
				SWIFT_VERSION = 5.0;
				TARGETED_DEVICE_FAMILY = "1,2";
			};
			name = Debug;
		};
		8149B9082687702D007AB018 /* Release */ = {
			isa = XCBuildConfiguration;
			buildSettings = {
				ASSETCATALOG_COMPILER_APPICON_NAME = AppIcon;
				ASSETCATALOG_COMPILER_GLOBAL_ACCENT_COLOR_NAME = AccentColor;
				CODE_SIGN_STYLE = Automatic;
				CURRENT_PROJECT_VERSION = 1;
				DEVELOPMENT_ASSET_PATHS = "\"YourMovies/Preview Content\"";
				DEVELOPMENT_TEAM = SQ7BQ44Y58;
				ENABLE_PREVIEWS = YES;
				GENERATE_INFOPLIST_FILE = YES;
				INFOPLIST_KEY_UIApplicationSceneManifest_Generation = YES;
				INFOPLIST_KEY_UIApplicationSupportsIndirectInputEvents = YES;
				INFOPLIST_KEY_UILaunchScreen_Generation = YES;
				INFOPLIST_KEY_UISupportedInterfaceOrientations_iPad = "UIInterfaceOrientationPortrait UIInterfaceOrientationPortraitUpsideDown UIInterfaceOrientationLandscapeLeft UIInterfaceOrientationLandscapeRight";
				INFOPLIST_KEY_UISupportedInterfaceOrientations_iPhone = "UIInterfaceOrientationPortrait UIInterfaceOrientationLandscapeLeft UIInterfaceOrientationLandscapeRight";
				IPHONEOS_DEPLOYMENT_TARGET = 15.0;
				LD_RUNPATH_SEARCH_PATHS = (
					"$(inherited)",
					"@executable_path/Frameworks",
				);
				MARKETING_VERSION = 1.0;
				PRODUCT_BUNDLE_IDENTIFIER = zlobrynya.YourMovies;
				PRODUCT_NAME = "$(TARGET_NAME)";
				SWIFT_EMIT_LOC_STRINGS = YES;
				SWIFT_VERSION = 5.0;
				TARGETED_DEVICE_FAMILY = "1,2";
			};
			name = Release;
		};
/* End XCBuildConfiguration section */

/* Begin XCConfigurationList section */
		8149B8F32687702C007AB018 /* Build configuration list for PBXProject "YourMovies" */ = {
			isa = XCConfigurationList;
			buildConfigurations = (
				8149B9042687702D007AB018 /* Debug */,
				8149B9052687702D007AB018 /* Release */,
			);
			defaultConfigurationIsVisible = 0;
			defaultConfigurationName = Release;
		};
		8149B9062687702D007AB018 /* Build configuration list for PBXNativeTarget "YourMovies" */ = {
			isa = XCConfigurationList;
			buildConfigurations = (
				8149B9072687702D007AB018 /* Debug */,
				8149B9082687702D007AB018 /* Release */,
			);
			defaultConfigurationIsVisible = 0;
			defaultConfigurationName = Release;
		};
/* End XCConfigurationList section */
	};
	rootObject = 8149B8F02687702C007AB018 /* Project object */;
}
